
Microsoft Visual Studio Solution File, Format Version 12.00
# Visual Studio Version 16
VisualStudioVersion = 16.0.31019.35
MinimumVisualStudioVersion = 10.0.40219.1
Project("{FAE04EC0-301F-11D3-BF4B-00C04F79EFBC}") = "GondolaJobFix", "GondolaJobFix.csproj", "{9BEAEDF6-835E-4536-B1A3-933EEB5C83B4}"
EndProject
Global
	GlobalSection(SolutionConfigurationPlatforms) = preSolution
		Debug|Any CPU = Debug|Any CPU
		Release|Any CPU = Release|Any CPU
	EndGlobalSection
	GlobalSection(ProjectConfigurationPlatforms) = postSolution
		{9BEAEDF6-835E-4536-B1A3-933EEB5C83B4}.Debug|Any CPU.ActiveCfg = Debug|Any CPU
		{9BEAEDF6-835E-4536-B1A3-933EEB5C83B4}.Debug|Any CPU.Build.0 = Debug|Any CPU
		{9BEAEDF6-835E-4536-B1A3-933EEB5C83B4}.Release|Any CPU.ActiveCfg = Release|Any CPU
		{9BEAEDF6-835E-4536-B1A3-933EEB5C83B4}.Release|Any CPU.Build.0 = Release|Any CPU
	EndGlobalSection
	GlobalSection(SolutionProperties) = preSolution
		HideSolutionNode = FALSE
	EndGlobalSection
	GlobalSection(ExtensibilityGlobals) = postSolution
		SolutionGuid = {ADF64D0C-7C8E-4159-8B38-87716A44077C}
	EndGlobalSection
EndGlobal
